
Microsoft Visual Studio Solution File, Format Version 12.00
# Visual Studio 15
VisualStudioVersion = 15.0.28307.271
MinimumVisualStudioVersion = 10.0.40219.1
Project("{FAE04EC0-301F-11D3-BF4B-00C04F79EFBC}") = "WhereIsMyMovieWeb", "WhereIsMyMovie\WhereIsMyMovieWeb.csproj", "{4086DA79-7FBE-4C29-9B48-390A756DD770}"
EndProject
Project("{FAE04EC0-301F-11D3-BF4B-00C04F79EFBC}") = "WhereIsMyMovieBusiness", "WhereIsMyMovieBusiness\WhereIsMyMovieBusiness.csproj", "{55A9192F-22A4-44AB-AD38-186F111FA8D7}"
EndProject
Project("{2150E333-8FDC-42A3-9474-1A3956D46DE8}") = "Api", "Api", "{EE965E06-2676-4CDD-8057-C45C4DEFCA01}"
EndProject
Project("{FAE04EC0-301F-11D3-BF4B-00C04F79EFBC}") = "WhereIsMyMovieApi", "WhereIsMyMovieApi\WhereIsMyMovieApi.csproj", "{748CEA3B-4FBF-426D-B95D-89A047702A6B}"
EndProject
Project("{FAE04EC0-301F-11D3-BF4B-00C04F79EFBC}") = "WhereIsMyMovieUtility", "WhereIsMyMovieUtility\WhereIsMyMovieUtility.csproj", "{1DCC543A-01B6-47E0-9AF4-9B459840FBFA}"
EndProject
Global
	GlobalSection(SolutionConfigurationPlatforms) = preSolution
		Debug|Any CPU = Debug|Any CPU
		Release|Any CPU = Release|Any CPU
	EndGlobalSection
	GlobalSection(ProjectConfigurationPlatforms) = postSolution
		{4086DA79-7FBE-4C29-9B48-390A756DD770}.Debug|Any CPU.ActiveCfg = Debug|Any CPU
		{4086DA79-7FBE-4C29-9B48-390A756DD770}.Debug|Any CPU.Build.0 = Debug|Any CPU
		{4086DA79-7FBE-4C29-9B48-390A756DD770}.Release|Any CPU.ActiveCfg = Release|Any CPU
		{4086DA79-7FBE-4C29-9B48-390A756DD770}.Release|Any CPU.Build.0 = Release|Any CPU
		{55A9192F-22A4-44AB-AD38-186F111FA8D7}.Debug|Any CPU.ActiveCfg = Debug|Any CPU
		{55A9192F-22A4-44AB-AD38-186F111FA8D7}.Debug|Any CPU.Build.0 = Debug|Any CPU
		{55A9192F-22A4-44AB-AD38-186F111FA8D7}.Release|Any CPU.ActiveCfg = Release|Any CPU
		{55A9192F-22A4-44AB-AD38-186F111FA8D7}.Release|Any CPU.Build.0 = Release|Any CPU
		{748CEA3B-4FBF-426D-B95D-89A047702A6B}.Debug|Any CPU.ActiveCfg = Debug|Any CPU
		{748CEA3B-4FBF-426D-B95D-89A047702A6B}.Debug|Any CPU.Build.0 = Debug|Any CPU
		{748CEA3B-4FBF-426D-B95D-89A047702A6B}.Release|Any CPU.ActiveCfg = Release|Any CPU
		{748CEA3B-4FBF-426D-B95D-89A047702A6B}.Release|Any CPU.Build.0 = Release|Any CPU
		{1DCC543A-01B6-47E0-9AF4-9B459840FBFA}.Debug|Any CPU.ActiveCfg = Debug|Any CPU
		{1DCC543A-01B6-47E0-9AF4-9B459840FBFA}.Debug|Any CPU.Build.0 = Debug|Any CPU
		{1DCC543A-01B6-47E0-9AF4-9B459840FBFA}.Release|Any CPU.ActiveCfg = Release|Any CPU
		{1DCC543A-01B6-47E0-9AF4-9B459840FBFA}.Release|Any CPU.Build.0 = Release|Any CPU
	EndGlobalSection
	GlobalSection(SolutionProperties) = preSolution
		HideSolutionNode = FALSE
	EndGlobalSection
	GlobalSection(NestedProjects) = preSolution
		{748CEA3B-4FBF-426D-B95D-89A047702A6B} = {EE965E06-2676-4CDD-8057-C45C4DEFCA01}
	EndGlobalSection
	GlobalSection(ExtensibilityGlobals) = postSolution
		SolutionGuid = {800A1894-F48C-4190-AB31-B1888226BC3F}
	EndGlobalSection
EndGlobal
